
Microsoft Visual Studio Solution File, Format Version 12.00
# Visual Studio Version 17
VisualStudioVersion = 17.11.35312.102
MinimumVisualStudioVersion = 10.0.40219.1
Project("{FAE04EC0-301F-11D3-BF4B-00C04F79EFBC}") = "PropPulse", "PropPulse\PropPulse.csproj", "{C83AFA1C-1DAD-4286-803F-CD0259149E38}"
EndProject
Global
	GlobalSection(SolutionConfigurationPlatforms) = preSolution
		Debug|Any CPU = Debug|Any CPU
		Release|Any CPU = Release|Any CPU
	EndGlobalSection
	GlobalSection(ProjectConfigurationPlatforms) = postSolution
		{C83AFA1C-1DAD-4286-803F-CD0259149E38}.Debug|Any CPU.ActiveCfg = Debug|Any CPU
		{C83AFA1C-1DAD-4286-803F-CD0259149E38}.Debug|Any CPU.Build.0 = Debug|Any CPU
		{C83AFA1C-1DAD-4286-803F-CD0259149E38}.Release|Any CPU.ActiveCfg = Release|Any CPU
		{C83AFA1C-1DAD-4286-803F-CD0259149E38}.Release|Any CPU.Build.0 = Release|Any CPU
	EndGlobalSection
	GlobalSection(SolutionProperties) = preSolution
		HideSolutionNode = FALSE
	EndGlobalSection
	GlobalSection(ExtensibilityGlobals) = postSolution
		SolutionGuid = {F8169E21-FB9D-4C5B-B55C-077C2118FA9C}
	EndGlobalSection
EndGlobal
